// !$*UTF8*$!
{
	archiveVersion = 1;
	classes = {
	};
	objectVersion = 70;
	objects = {

/* Begin PBXBuildFile section */
		E50E3C812C81D76700743CEF /* CoreMedia.framework in Frameworks */ = {isa = PBXBuildFile; fileRef = E50E3C802C81D76700743CEF /* CoreMedia.framework */; };
		E50E3C832C81D77A00743CEF /* CoreFoundation.framework in Frameworks */ = {isa = PBXBuildFile; fileRef = E50E3C822C81D77A00743CEF /* CoreFoundation.framework */; };
		E50E3C852C81D78300743CEF /* CoreVideo.framework in Frameworks */ = {isa = PBXBuildFile; fileRef = E50E3C842C81D78300743CEF /* CoreVideo.framework */; };
		E50E3C872C81D78800743CEF /* VideoToolbox.framework in Frameworks */ = {isa = PBXBuildFile; fileRef = E50E3C862C81D78800743CEF /* VideoToolbox.framework */; };
		E50E3C892C81D7A100743CEF /* Security.framework in Frameworks */ = {isa = PBXBuildFile; fileRef = E50E3C882C81D7A100743CEF /* Security.framework */; };
		E50E3C8B2C81D8D500743CEF /* libbz2.tbd in Frameworks */ = {isa = PBXBuildFile; fileRef = E50E3C8A2C81D8C700743CEF /* libbz2.tbd */; };
		E50E3C8D2C81D8E900743CEF /* libz.tbd in Frameworks */ = {isa = PBXBuildFile; fileRef = E50E3C8C2C81D8E300743CEF /* libz.tbd */; };
		E50E3C8F2C81D90200743CEF /* libiconv.tbd in Frameworks */ = {isa = PBXBuildFile; fileRef = E50E3C8E2C81D8FB00743CEF /* libiconv.tbd */; };
		E59EF6EC2C8071E9000E5930 /* fframes_demoApp.swift in Sources */ = {isa = PBXBuildFile; fileRef = E59EF6EB2C8071E9000E5930 /* fframes_demoApp.swift */; };
		E59EF6EE2C8071E9000E5930 /* ContentView.swift in Sources */ = {isa = PBXBuildFile; fileRef = E59EF6ED2C8071E9000E5930 /* ContentView.swift */; };
		E59EF6F02C8071EA000E5930 /* Assets.xcassets in Resources */ = {isa = PBXBuildFile; fileRef = E59EF6EF2C8071EA000E5930 /* Assets.xcassets */; };
		E59EF6F42C8071EA000E5930 /* Preview Assets.xcassets in Resources */ = {isa = PBXBuildFile; fileRef = E59EF6F32C8071EA000E5930 /* Preview Assets.xcassets */; };
		E59EF6FE2C8071EA000E5930 /* fframes_demoTests.swift in Sources */ = {isa = PBXBuildFile; fileRef = E59EF6FD2C8071EA000E5930 /* fframes_demoTests.swift */; };
		E59EF7082C8071EA000E5930 /* fframes_demoUITests.swift in Sources */ = {isa = PBXBuildFile; fileRef = E59EF7072C8071EA000E5930 /* fframes_demoUITests.swift */; };
		E59EF70A2C8071EA000E5930 /* fframes_demoUITestsLaunchTests.swift in Sources */ = {isa = PBXBuildFile; fileRef = E59EF7092C8071EA000E5930 /* fframes_demoUITestsLaunchTests.swift */; };
		E59EF71A2C808BED000E5930 /* Demo.swift in Sources */ = {isa = PBXBuildFile; fileRef = E59EF7192C808BED000E5930 /* Demo.swift */; };
		E59EF71D2C81BAD8000E5930 /* libresolv.tbd in Frameworks */ = {isa = PBXBuildFile; fileRef = E59EF71B2C808D34000E5930 /* libresolv.tbd */; };
		E5DFD4A62C83266000A973D2 /* libhello_world_example.a in Frameworks */ = {isa = PBXBuildFile; fileRef = E5DFD4A52C83246400A973D2 /* libhello_world_example.a */; };
		EE9A06F72DB78E3400E0C550 /* libc++.tbd in Frameworks */ = {isa = PBXBuildFile; fileRef = EE9A06F62DB78E3400E0C550 /* libc++.tbd */; };
		EE9A06F92DB79BCE00E0C550 /* Metal.framework in Frameworks */ = {isa = PBXBuildFile; fileRef = EE9A06F82DB79BCE00E0C550 /* Metal.framework */; };
		EEAB238F2DB80EA4004185BA /* MetalKit.framework in Frameworks */ = {isa = PBXBuildFile; fileRef = EEAB238E2DB80EA4004185BA /* MetalKit.framework */; };
		EEAB23912DB80EB0004185BA /* libswiftMetal.tbd in Frameworks */ = {isa = PBXBuildFile; fileRef = EEAB23902DB80EAB004185BA /* libswiftMetal.tbd */; };
		EEAB23932DB80EB8004185BA /* MetalPerformanceShaders.framework in Frameworks */ = {isa = PBXBuildFile; fileRef = EEAB23922DB80EB8004185BA /* MetalPerformanceShaders.framework */; };
		EEAB23952DB80EBC004185BA /* MetalPerformanceShadersGraph.framework in Frameworks */ = {isa = PBXBuildFile; fileRef = EEAB23942DB80EBC004185BA /* MetalPerformanceShadersGraph.framework */; };
		EEAB25602DB946AF004185BA /* RustVideoRenderer.swift in Sources */ = {isa = PBXBuildFile; fileRef = EEAB255F2DB946A9004185BA /* RustVideoRenderer.swift */; };
/* End PBXBuildFile section */

/* Begin PBXContainerItemProxy section */
		E59EF6FA2C8071EA000E5930 /* PBXContainerItemProxy */ = {
			isa = PBXContainerItemProxy;
			containerPortal = E59EF6E02C8071E9000E5930 /* Project object */;
			proxyType = 1;
			remoteGlobalIDString = E59EF6E72C8071E9000E5930;
			remoteInfo = fframes_demo;
		};
		E59EF7042C8071EA000E5930 /* PBXContainerItemProxy */ = {
			isa = PBXContainerItemProxy;
			containerPortal = E59EF6E02C8071E9000E5930 /* Project object */;
			proxyType = 1;
			remoteGlobalIDString = E59EF6E72C8071E9000E5930;
			remoteInfo = fframes_demo;
		};
/* End PBXContainerItemProxy section */

/* Begin PBXFileReference section */
		E50E3C802C81D76700743CEF /* CoreMedia.framework */ = {isa = PBXFileReference; lastKnownFileType = wrapper.framework; name = CoreMedia.framework; path = Platforms/iPhoneOS.platform/Developer/SDKs/iPhoneOS17.5.sdk/System/Library/Frameworks/CoreMedia.framework; sourceTree = DEVELOPER_DIR; };
		E50E3C822C81D77A00743CEF /* CoreFoundation.framework */ = {isa = PBXFileReference; lastKnownFileType = wrapper.framework; name = CoreFoundation.framework; path = Platforms/iPhoneOS.platform/Developer/SDKs/iPhoneOS17.5.sdk/System/Library/Frameworks/CoreFoundation.framework; sourceTree = DEVELOPER_DIR; };
		E50E3C842C81D78300743CEF /* CoreVideo.framework */ = {isa = PBXFileReference; lastKnownFileType = wrapper.framework; name = CoreVideo.framework; path = Platforms/iPhoneOS.platform/Developer/SDKs/iPhoneOS17.5.sdk/System/Library/Frameworks/CoreVideo.framework; sourceTree = DEVELOPER_DIR; };
		E50E3C862C81D78800743CEF /* VideoToolbox.framework */ = {isa = PBXFileReference; lastKnownFileType = wrapper.framework; name = VideoToolbox.framework; path = Platforms/iPhoneOS.platform/Developer/SDKs/iPhoneOS17.5.sdk/System/Library/Frameworks/VideoToolbox.framework; sourceTree = DEVELOPER_DIR; };
		E50E3C882C81D7A100743CEF /* Security.framework */ = {isa = PBXFileReference; lastKnownFileType = wrapper.framework; name = Security.framework; path = Platforms/iPhoneOS.platform/Developer/SDKs/iPhoneOS17.5.sdk/System/Library/Frameworks/Security.framework; sourceTree = DEVELOPER_DIR; };
		E50E3C8A2C81D8C700743CEF /* libbz2.tbd */ = {isa = PBXFileReference; lastKnownFileType = "sourcecode.text-based-dylib-definition"; name = libbz2.tbd; path = Platforms/iPhoneOS.platform/Developer/SDKs/iPhoneOS17.5.sdk/usr/lib/libbz2.tbd; sourceTree = DEVELOPER_DIR; };
		E50E3C8C2C81D8E300743CEF /* libz.tbd */ = {isa = PBXFileReference; lastKnownFileType = "sourcecode.text-based-dylib-definition"; name = libz.tbd; path = Platforms/iPhoneOS.platform/Developer/SDKs/iPhoneOS17.5.sdk/usr/lib/libz.tbd; sourceTree = DEVELOPER_DIR; };
		E50E3C8E2C81D8FB00743CEF /* libiconv.tbd */ = {isa = PBXFileReference; lastKnownFileType = "sourcecode.text-based-dylib-definition"; name = libiconv.tbd; path = Platforms/iPhoneOS.platform/Developer/SDKs/iPhoneOS17.5.sdk/usr/lib/libiconv.tbd; sourceTree = DEVELOPER_DIR; };
		E59EF6E82C8071E9000E5930 /* fframes_demo.app */ = {isa = PBXFileReference; explicitFileType = wrapper.application; includeInIndex = 0; path = fframes_demo.app; sourceTree = BUILT_PRODUCTS_DIR; };
		E59EF6EB2C8071E9000E5930 /* fframes_demoApp.swift */ = {isa = PBXFileReference; lastKnownFileType = sourcecode.swift; path = fframes_demoApp.swift; sourceTree = "<group>"; };
		E59EF6ED2C8071E9000E5930 /* ContentView.swift */ = {isa = PBXFileReference; lastKnownFileType = sourcecode.swift; path = ContentView.swift; sourceTree = "<group>"; };
		E59EF6EF2C8071EA000E5930 /* Assets.xcassets */ = {isa = PBXFileReference; lastKnownFileType = folder.assetcatalog; path = Assets.xcassets; sourceTree = "<group>"; };
		E59EF6F12C8071EA000E5930 /* fframes_demo.entitlements */ = {isa = PBXFileReference; lastKnownFileType = text.plist.entitlements; path = fframes_demo.entitlements; sourceTree = "<group>"; };
		E59EF6F32C8071EA000E5930 /* Preview Assets.xcassets */ = {isa = PBXFileReference; lastKnownFileType = folder.assetcatalog; path = "Preview Assets.xcassets"; sourceTree = "<group>"; };
		E59EF6F92C8071EA000E5930 /* fframes_demoTests.xctest */ = {isa = PBXFileReference; explicitFileType = wrapper.cfbundle; includeInIndex = 0; path = fframes_demoTests.xctest; sourceTree = BUILT_PRODUCTS_DIR; };
		E59EF6FD2C8071EA000E5930 /* fframes_demoTests.swift */ = {isa = PBXFileReference; lastKnownFileType = sourcecode.swift; path = fframes_demoTests.swift; sourceTree = "<group>"; };
		E59EF7032C8071EA000E5930 /* fframes_demoUITests.xctest */ = {isa = PBXFileReference; explicitFileType = wrapper.cfbundle; includeInIndex = 0; path = fframes_demoUITests.xctest; sourceTree = BUILT_PRODUCTS_DIR; };
		E59EF7072C8071EA000E5930 /* fframes_demoUITests.swift */ = {isa = PBXFileReference; lastKnownFileType = sourcecode.swift; path = fframes_demoUITests.swift; sourceTree = "<group>"; };
		E59EF7092C8071EA000E5930 /* fframes_demoUITestsLaunchTests.swift */ = {isa = PBXFileReference; lastKnownFileType = sourcecode.swift; path = fframes_demoUITestsLaunchTests.swift; sourceTree = "<group>"; };
		E59EF7192C808BED000E5930 /* Demo.swift */ = {isa = PBXFileReference; lastKnownFileType = sourcecode.swift; path = Demo.swift; sourceTree = "<group>"; };
		E59EF71B2C808D34000E5930 /* libresolv.tbd */ = {isa = PBXFileReference; lastKnownFileType = "sourcecode.text-based-dylib-definition"; name = libresolv.tbd; path = Platforms/iPhoneOS.platform/Developer/SDKs/iPhoneOS17.5.sdk/usr/lib/libresolv.tbd; sourceTree = DEVELOPER_DIR; };
		E59EF7202C81C6F0000E5930 /* BridgingHeader.h */ = {isa = PBXFileReference; lastKnownFileType = sourcecode.c.h; path = BridgingHeader.h; sourceTree = "<group>"; };
		E5CA99772C84648700B5D7BA /* hello_world.h */ = {isa = PBXFileReference; lastKnownFileType = sourcecode.c.h; path = hello_world.h; sourceTree = "<group>"; };
		E5DFD4A52C83246400A973D2 /* libhello_world_example.a */ = {isa = PBXFileReference; lastKnownFileType = archive.ar; name = libhello_world_example.a; path = "video/target/aarch64-apple-ios/release/libhello_world_example.a"; sourceTree = "<group>"; };
		EE9A06F62DB78E3400E0C550 /* libc++.tbd */ = {isa = PBXFileReference; lastKnownFileType = "sourcecode.text-based-dylib-definition"; name = "libc++.tbd"; path = "Platforms/iPhoneOS.platform/Developer/SDKs/iPhoneOS18.4.sdk/usr/lib/libc++.tbd"; sourceTree = DEVELOPER_DIR; };
		EE9A06F82DB79BCE00E0C550 /* Metal.framework */ = {isa = PBXFileReference; lastKnownFileType = wrapper.framework; name = Metal.framework; path = Platforms/iPhoneOS.platform/Developer/SDKs/iPhoneOS18.4.sdk/System/Library/Frameworks/Metal.framework; sourceTree = DEVELOPER_DIR; };
		EEAB238E2DB80EA4004185BA /* MetalKit.framework */ = {isa = PBXFileReference; lastKnownFileType = wrapper.framework; name = MetalKit.framework; path = Platforms/iPhoneOS.platform/Developer/SDKs/iPhoneOS18.4.sdk/System/Library/Frameworks/MetalKit.framework; sourceTree = DEVELOPER_DIR; };
		EEAB23902DB80EAB004185BA /* libswiftMetal.tbd */ = {isa = PBXFileReference; lastKnownFileType = "sourcecode.text-based-dylib-definition"; name = libswiftMetal.tbd; path = Platforms/iPhoneOS.platform/Developer/SDKs/iPhoneOS18.4.sdk/usr/lib/swift/libswiftMetal.tbd; sourceTree = DEVELOPER_DIR; };
		EEAB23922DB80EB8004185BA /* MetalPerformanceShaders.framework */ = {isa = PBXFileReference; lastKnownFileType = wrapper.framework; name = MetalPerformanceShaders.framework; path = Platforms/iPhoneOS.platform/Developer/SDKs/iPhoneOS18.4.sdk/System/Library/Frameworks/MetalPerformanceShaders.framework; sourceTree = DEVELOPER_DIR; };
		EEAB23942DB80EBC004185BA /* MetalPerformanceShadersGraph.framework */ = {isa = PBXFileReference; lastKnownFileType = wrapper.framework; name = MetalPerformanceShadersGraph.framework; path = Platforms/iPhoneOS.platform/Developer/SDKs/iPhoneOS18.4.sdk/System/Library/Frameworks/MetalPerformanceShadersGraph.framework; sourceTree = DEVELOPER_DIR; };
		EEAB255F2DB946A9004185BA /* RustVideoRenderer.swift */ = {isa = PBXFileReference; lastKnownFileType = sourcecode.swift; path = RustVideoRenderer.swift; sourceTree = "<group>"; };
/* End PBXFileReference section */

/* Begin PBXFileSystemSynchronizedRootGroup section */
		EEAB25612DB94799004185BA /* components */ = {isa = PBXFileSystemSynchronizedRootGroup; explicitFileTypes = {}; explicitFolders = (); path = components; sourceTree = "<group>"; };
/* End PBXFileSystemSynchronizedRootGroup section */

/* Begin PBXFrameworksBuildPhase section */
		E59EF6E52C8071E9000E5930 /* Frameworks */ = {
			isa = PBXFrameworksBuildPhase;
			buildActionMask = 2147483647;
			files = (
				EE9A06F72DB78E3400E0C550 /* libc++.tbd in Frameworks */,
				E50E3C832C81D77A00743CEF /* CoreFoundation.framework in Frameworks */,
				E50E3C812C81D76700743CEF /* CoreMedia.framework in Frameworks */,
				EEAB23952DB80EBC004185BA /* MetalPerformanceShadersGraph.framework in Frameworks */,
				E50E3C872C81D78800743CEF /* VideoToolbox.framework in Frameworks */,
				E50E3C8F2C81D90200743CEF /* libiconv.tbd in Frameworks */,
				E50E3C892C81D7A100743CEF /* Security.framework in Frameworks */,
				E59EF71D2C81BAD8000E5930 /* libresolv.tbd in Frameworks */,
				E5DFD4A62C83266000A973D2 /* libhello_world_example.a in Frameworks */,
				EEAB23912DB80EB0004185BA /* libswiftMetal.tbd in Frameworks */,
				E50E3C852C81D78300743CEF /* CoreVideo.framework in Frameworks */,
				EEAB23932DB80EB8004185BA /* MetalPerformanceShaders.framework in Frameworks */,
				EEAB238F2DB80EA4004185BA /* MetalKit.framework in Frameworks */,
				E50E3C8D2C81D8E900743CEF /* libz.tbd in Frameworks */,
				EE9A06F92DB79BCE00E0C550 /* Metal.framework in Frameworks */,
				E50E3C8B2C81D8D500743CEF /* libbz2.tbd in Frameworks */,
			);
			runOnlyForDeploymentPostprocessing = 0;
		};
		E59EF6F62C8071EA000E5930 /* Frameworks */ = {
			isa = PBXFrameworksBuildPhase;
			buildActionMask = 2147483647;
			files = (
			);
			runOnlyForDeploymentPostprocessing = 0;
		};
		E59EF7002C8071EA000E5930 /* Frameworks */ = {
			isa = PBXFrameworksBuildPhase;
			buildActionMask = 2147483647;
			files = (
			);
			runOnlyForDeploymentPostprocessing = 0;
		};
/* End PBXFrameworksBuildPhase section */

/* Begin PBXGroup section */
		E59EF6DF2C8071E9000E5930 = {
			isa = PBXGroup;
			children = (
				E59EF7202C81C6F0000E5930 /* BridgingHeader.h */,
				E5CA99772C84648700B5D7BA /* hello_world.h */,
				E59EF6EA2C8071E9000E5930 /* fframes_demo */,
				E59EF7062C8071EA000E5930 /* fframes_demoUITests */,
				E59EF6E92C8071E9000E5930 /* Products */,
				E59EF7162C808A47000E5930 /* Frameworks */,
			);
			sourceTree = "<group>";
		};
		E59EF6E92C8071E9000E5930 /* Products */ = {
			isa = PBXGroup;
			children = (
				E59EF6E82C8071E9000E5930 /* fframes_demo.app */,
				E59EF6F92C8071EA000E5930 /* fframes_demoTests.xctest */,
				E59EF7032C8071EA000E5930 /* fframes_demoUITests.xctest */,
			);
			name = Products;
			sourceTree = "<group>";
		};
		E59EF6EA2C8071E9000E5930 /* fframes_demo */ = {
			isa = PBXGroup;
			children = (
				EEAB25612DB94799004185BA /* components */,
				EEAB255F2DB946A9004185BA /* RustVideoRenderer.swift */,
				E59EF6EB2C8071E9000E5930 /* fframes_demoApp.swift */,
				E59EF6ED2C8071E9000E5930 /* ContentView.swift */,
				E59EF6EF2C8071EA000E5930 /* Assets.xcassets */,
				E59EF6F12C8071EA000E5930 /* fframes_demo.entitlements */,
				E59EF6F22C8071EA000E5930 /* Preview Content */,
				E59EF7192C808BED000E5930 /* Demo.swift */,
				E59EF6FC2C8071EA000E5930 /* fframes_demoTests */,
			);
			path = fframes_demo;
			sourceTree = "<group>";
		};
		E59EF6F22C8071EA000E5930 /* Preview Content */ = {
			isa = PBXGroup;
			children = (
				E59EF6F32C8071EA000E5930 /* Preview Assets.xcassets */,
			);
			path = "Preview Content";
			sourceTree = "<group>";
		};
		E59EF6FC2C8071EA000E5930 /* fframes_demoTests */ = {
			isa = PBXGroup;
			children = (
				E59EF6FD2C8071EA000E5930 /* fframes_demoTests.swift */,
			);
			path = fframes_demoTests;
			sourceTree = "<group>";
		};
		E59EF7062C8071EA000E5930 /* fframes_demoUITests */ = {
			isa = PBXGroup;
			children = (
				E59EF7072C8071EA000E5930 /* fframes_demoUITests.swift */,
				E59EF7092C8071EA000E5930 /* fframes_demoUITestsLaunchTests.swift */,
			);
			path = fframes_demoUITests;
			sourceTree = "<group>";
		};
		E59EF7162C808A47000E5930 /* Frameworks */ = {
			isa = PBXGroup;
			children = (
				EEAB23942DB80EBC004185BA /* MetalPerformanceShadersGraph.framework */,
				EEAB23922DB80EB8004185BA /* MetalPerformanceShaders.framework */,
				EEAB23902DB80EAB004185BA /* libswiftMetal.tbd */,
				EEAB238E2DB80EA4004185BA /* MetalKit.framework */,
				EE9A06F82DB79BCE00E0C550 /* Metal.framework */,
				EE9A06F62DB78E3400E0C550 /* libc++.tbd */,
				E5DFD4A52C83246400A973D2 /* libhello_world_example.a */,
				E50E3C8E2C81D8FB00743CEF /* libiconv.tbd */,
				E50E3C8C2C81D8E300743CEF /* libz.tbd */,
				E50E3C8A2C81D8C700743CEF /* libbz2.tbd */,
				E50E3C882C81D7A100743CEF /* Security.framework */,
				E50E3C862C81D78800743CEF /* VideoToolbox.framework */,
				E50E3C842C81D78300743CEF /* CoreVideo.framework */,
				E50E3C822C81D77A00743CEF /* CoreFoundation.framework */,
				E50E3C802C81D76700743CEF /* CoreMedia.framework */,
				E59EF71B2C808D34000E5930 /* libresolv.tbd */,
			);
			name = Frameworks;
			sourceTree = "<group>";
		};
/* End PBXGroup section */

/* Begin PBXNativeTarget section */
		E59EF6E72C8071E9000E5930 /* fframes_demo */ = {
			isa = PBXNativeTarget;
			buildConfigurationList = E59EF70D2C8071EA000E5930 /* Build configuration list for PBXNativeTarget "fframes_demo" */;
			buildPhases = (
				E59EF6E42C8071E9000E5930 /* Sources */,
				E59EF6E52C8071E9000E5930 /* Frameworks */,
				E59EF6E62C8071E9000E5930 /* Resources */,
			);
			buildRules = (
			);
			dependencies = (
			);
			fileSystemSynchronizedGroups = (
				EEAB25612DB94799004185BA /* components */,
			);
			name = fframes_demo;
			productName = fframes_demo;
			productReference = E59EF6E82C8071E9000E5930 /* fframes_demo.app */;
			productType = "com.apple.product-type.application";
		};
		E59EF6F82C8071EA000E5930 /* fframes_demoTests */ = {
			isa = PBXNativeTarget;
			buildConfigurationList = E59EF7102C8071EA000E5930 /* Build configuration list for PBXNativeTarget "fframes_demoTests" */;
			buildPhases = (
				E59EF6F52C8071EA000E5930 /* Sources */,
				E59EF6F62C8071EA000E5930 /* Frameworks */,
				E59EF6F72C8071EA000E5930 /* Resources */,
			);
			buildRules = (
			);
			dependencies = (
				E59EF6FB2C8071EA000E5930 /* PBXTargetDependency */,
			);
			name = fframes_demoTests;
			productName = fframes_demoTests;
			productReference = E59EF6F92C8071EA000E5930 /* fframes_demoTests.xctest */;
			productType = "com.apple.product-type.bundle.unit-test";
		};
		E59EF7022C8071EA000E5930 /* fframes_demoUITests */ = {
			isa = PBXNativeTarget;
			buildConfigurationList = E59EF7132C8071EA000E5930 /* Build configuration list for PBXNativeTarget "fframes_demoUITests" */;
			buildPhases = (
				E59EF6FF2C8071EA000E5930 /* Sources */,
				E59EF7002C8071EA000E5930 /* Frameworks */,
				E59EF7012C8071EA000E5930 /* Resources */,
			);
			buildRules = (
			);
			dependencies = (
				E59EF7052C8071EA000E5930 /* PBXTargetDependency */,
			);
			name = fframes_demoUITests;
			productName = fframes_demoUITests;
			productReference = E59EF7032C8071EA000E5930 /* fframes_demoUITests.xctest */;
			productType = "com.apple.product-type.bundle.ui-testing";
		};
/* End PBXNativeTarget section */

/* Begin PBXProject section */
		E59EF6E02C8071E9000E5930 /* Project object */ = {
			isa = PBXProject;
			attributes = {
				BuildIndependentTargetsInParallel = 1;
				LastSwiftUpdateCheck = 1540;
				LastUpgradeCheck = 1540;
				TargetAttributes = {
					E59EF6E72C8071E9000E5930 = {
						CreatedOnToolsVersion = 15.4;
					};
					E59EF6F82C8071EA000E5930 = {
						CreatedOnToolsVersion = 15.4;
						TestTargetID = E59EF6E72C8071E9000E5930;
					};
					E59EF7022C8071EA000E5930 = {
						CreatedOnToolsVersion = 15.4;
						TestTargetID = E59EF6E72C8071E9000E5930;
					};
				};
			};
			buildConfigurationList = E59EF6E32C8071E9000E5930 /* Build configuration list for PBXProject "fframes_demo" */;
			compatibilityVersion = "Xcode 14.0";
			developmentRegion = en;
			hasScannedForEncodings = 0;
			knownRegions = (
				en,
				Base,
			);
			mainGroup = E59EF6DF2C8071E9000E5930;
			productRefGroup = E59EF6E92C8071E9000E5930 /* Products */;
			projectDirPath = "";
			projectRoot = "";
			targets = (
				E59EF6E72C8071E9000E5930 /* fframes_demo */,
				E59EF6F82C8071EA000E5930 /* fframes_demoTests */,
				E59EF7022C8071EA000E5930 /* fframes_demoUITests */,
			);
		};
/* End PBXProject section */

/* Begin PBXResourcesBuildPhase section */
		E59EF6E62C8071E9000E5930 /* Resources */ = {
			isa = PBXResourcesBuildPhase;
			buildActionMask = 2147483647;
			files = (
				E59EF6F42C8071EA000E5930 /* Preview Assets.xcassets in Resources */,
				E59EF6F02C8071EA000E5930 /* Assets.xcassets in Resources */,
			);
			runOnlyForDeploymentPostprocessing = 0;
		};
		E59EF6F72C8071EA000E5930 /* Resources */ = {
			isa = PBXResourcesBuildPhase;
			buildActionMask = 2147483647;
			files = (
			);
			runOnlyForDeploymentPostprocessing = 0;
		};
		E59EF7012C8071EA000E5930 /* Resources */ = {
			isa = PBXResourcesBuildPhase;
			buildActionMask = 2147483647;
			files = (
			);
			runOnlyForDeploymentPostprocessing = 0;
		};
/* End PBXResourcesBuildPhase section */

/* Begin PBXSourcesBuildPhase section */
		E59EF6E42C8071E9000E5930 /* Sources */ = {
			isa = PBXSourcesBuildPhase;
			buildActionMask = 2147483647;
			files = (
				E59EF6EE2C8071E9000E5930 /* ContentView.swift in Sources */,
				E59EF6EC2C8071E9000E5930 /* fframes_demoApp.swift in Sources */,
				EEAB25602DB946AF004185BA /* RustVideoRenderer.swift in Sources */,
				E59EF71A2C808BED000E5930 /* Demo.swift in Sources */,
			);
			runOnlyForDeploymentPostprocessing = 0;
		};
		E59EF6F52C8071EA000E5930 /* Sources */ = {
			isa = PBXSourcesBuildPhase;
			buildActionMask = 2147483647;
			files = (
				E59EF6FE2C8071EA000E5930 /* fframes_demoTests.swift in Sources */,
			);
			runOnlyForDeploymentPostprocessing = 0;
		};
		E59EF6FF2C8071EA000E5930 /* Sources */ = {
			isa = PBXSourcesBuildPhase;
			buildActionMask = 2147483647;
			files = (
				E59EF70A2C8071EA000E5930 /* fframes_demoUITestsLaunchTests.swift in Sources */,
				E59EF7082C8071EA000E5930 /* fframes_demoUITests.swift in Sources */,
			);
			runOnlyForDeploymentPostprocessing = 0;
		};
/* End PBXSourcesBuildPhase section */

/* Begin PBXTargetDependency section */
		E59EF6FB2C8071EA000E5930 /* PBXTargetDependency */ = {
			isa = PBXTargetDependency;
			target = E59EF6E72C8071E9000E5930 /* fframes_demo */;
			targetProxy = E59EF6FA2C8071EA000E5930 /* PBXContainerItemProxy */;
		};
		E59EF7052C8071EA000E5930 /* PBXTargetDependency */ = {
			isa = PBXTargetDependency;
			target = E59EF6E72C8071E9000E5930 /* fframes_demo */;
			targetProxy = E59EF7042C8071EA000E5930 /* PBXContainerItemProxy */;
		};
/* End PBXTargetDependency section */

/* Begin XCBuildConfiguration section */
		E59EF70B2C8071EA000E5930 /* Debug */ = {
			isa = XCBuildConfiguration;
			buildSettings = {
				ALWAYS_SEARCH_USER_PATHS = NO;
				ASSETCATALOG_COMPILER_GENERATE_SWIFT_ASSET_SYMBOL_EXTENSIONS = YES;
				CLANG_ANALYZER_NONNULL = YES;
				CLANG_ANALYZER_NUMBER_OBJECT_CONVERSION = YES_AGGRESSIVE;
				CLANG_CXX_LANGUAGE_STANDARD = "gnu++20";
				CLANG_ENABLE_MODULES = YES;
				CLANG_ENABLE_OBJC_ARC = YES;
				CLANG_ENABLE_OBJC_WEAK = YES;
				CLANG_WARN_BLOCK_CAPTURE_AUTORELEASING = YES;
				CLANG_WARN_BOOL_CONVERSION = YES;
				CLANG_WARN_COMMA = YES;
				CLANG_WARN_CONSTANT_CONVERSION = YES;
				CLANG_WARN_DEPRECATED_OBJC_IMPLEMENTATIONS = YES;
				CLANG_WARN_DIRECT_OBJC_ISA_USAGE = YES_ERROR;
				CLANG_WARN_DOCUMENTATION_COMMENTS = YES;
				CLANG_WARN_EMPTY_BODY = YES;
				CLANG_WARN_ENUM_CONVERSION = YES;
				CLANG_WARN_INFINITE_RECURSION = YES;
				CLANG_WARN_INT_CONVERSION = YES;
				CLANG_WARN_NON_LITERAL_NULL_CONVERSION = YES;
				CLANG_WARN_OBJC_IMPLICIT_RETAIN_SELF = YES;
				CLANG_WARN_OBJC_LITERAL_CONVERSION = YES;
				CLANG_WARN_OBJC_ROOT_CLASS = YES_ERROR;
				CLANG_WARN_QUOTED_INCLUDE_IN_FRAMEWORK_HEADER = YES;
				CLANG_WARN_RANGE_LOOP_ANALYSIS = YES;
				CLANG_WARN_STRICT_PROTOTYPES = YES;
				CLANG_WARN_SUSPICIOUS_MOVE = YES;
				CLANG_WARN_UNGUARDED_AVAILABILITY = YES_AGGRESSIVE;
				CLANG_WARN_UNREACHABLE_CODE = YES;
				CLANG_WARN__DUPLICATE_METHOD_MATCH = YES;
				COPY_PHASE_STRIP = NO;
				DEBUG_INFORMATION_FORMAT = dwarf;
				ENABLE_STRICT_OBJC_MSGSEND = YES;
				ENABLE_TESTABILITY = YES;
				ENABLE_USER_SCRIPT_SANDBOXING = YES;
				EXCLUDED_ARCHS = "";
				"EXCLUDED_ARCHS[sdk=*]" = x86_64;
				GCC_C_LANGUAGE_STANDARD = gnu17;
				GCC_DYNAMIC_NO_PIC = NO;
				GCC_NO_COMMON_BLOCKS = YES;
				GCC_OPTIMIZATION_LEVEL = 0;
				GCC_PREPROCESSOR_DEFINITIONS = (
					"DEBUG=1",
					"$(inherited)",
				);
				GCC_WARN_64_TO_32_BIT_CONVERSION = YES;
				GCC_WARN_ABOUT_RETURN_TYPE = YES_ERROR;
				GCC_WARN_UNDECLARED_SELECTOR = YES;
				GCC_WARN_UNINITIALIZED_AUTOS = YES_AGGRESSIVE;
				GCC_WARN_UNUSED_FUNCTION = YES;
				GCC_WARN_UNUSED_VARIABLE = YES;
				LOCALIZATION_PREFERS_STRING_CATALOGS = YES;
				MTL_ENABLE_DEBUG_INFO = INCLUDE_SOURCE;
				MTL_FAST_MATH = YES;
				ONLY_ACTIVE_ARCH = YES;
				SUPPORTED_PLATFORMS = driverkit;
				SWIFT_ACTIVE_COMPILATION_CONDITIONS = "DEBUG $(inherited)";
				SWIFT_OPTIMIZATION_LEVEL = "-Onone";
			};
			name = Debug;
		};
		E59EF70C2C8071EA000E5930 /* Release */ = {
			isa = XCBuildConfiguration;
			buildSettings = {
				ALWAYS_SEARCH_USER_PATHS = NO;
				ASSETCATALOG_COMPILER_GENERATE_SWIFT_ASSET_SYMBOL_EXTENSIONS = YES;
				CLANG_ANALYZER_NONNULL = YES;
				CLANG_ANALYZER_NUMBER_OBJECT_CONVERSION = YES_AGGRESSIVE;
				CLANG_CXX_LANGUAGE_STANDARD = "gnu++20";
				CLANG_ENABLE_MODULES = YES;
				CLANG_ENABLE_OBJC_ARC = YES;
				CLANG_ENABLE_OBJC_WEAK = YES;
				CLANG_WARN_BLOCK_CAPTURE_AUTORELEASING = YES;
				CLANG_WARN_BOOL_CONVERSION = YES;
				CLANG_WARN_COMMA = YES;
				CLANG_WARN_CONSTANT_CONVERSION = YES;
				CLANG_WARN_DEPRECATED_OBJC_IMPLEMENTATIONS = YES;
				CLANG_WARN_DIRECT_OBJC_ISA_USAGE = YES_ERROR;
				CLANG_WARN_DOCUMENTATION_COMMENTS = YES;
				CLANG_WARN_EMPTY_BODY = YES;
				CLANG_WARN_ENUM_CONVERSION = YES;
				CLANG_WARN_INFINITE_RECURSION = YES;
				CLANG_WARN_INT_CONVERSION = YES;
				CLANG_WARN_NON_LITERAL_NULL_CONVERSION = YES;
				CLANG_WARN_OBJC_IMPLICIT_RETAIN_SELF = YES;
				CLANG_WARN_OBJC_LITERAL_CONVERSION = YES;
				CLANG_WARN_OBJC_ROOT_CLASS = YES_ERROR;
				CLANG_WARN_QUOTED_INCLUDE_IN_FRAMEWORK_HEADER = YES;
				CLANG_WARN_RANGE_LOOP_ANALYSIS = YES;
				CLANG_WARN_STRICT_PROTOTYPES = YES;
				CLANG_WARN_SUSPICIOUS_MOVE = YES;
				CLANG_WARN_UNGUARDED_AVAILABILITY = YES_AGGRESSIVE;
				CLANG_WARN_UNREACHABLE_CODE = YES;
				CLANG_WARN__DUPLICATE_METHOD_MATCH = YES;
				COPY_PHASE_STRIP = NO;
				DEBUG_INFORMATION_FORMAT = "dwarf-with-dsym";
				ENABLE_NS_ASSERTIONS = NO;
				ENABLE_STRICT_OBJC_MSGSEND = YES;
				ENABLE_USER_SCRIPT_SANDBOXING = YES;
				EXCLUDED_ARCHS = x86_64;
				GCC_C_LANGUAGE_STANDARD = gnu17;
				GCC_NO_COMMON_BLOCKS = YES;
				GCC_WARN_64_TO_32_BIT_CONVERSION = YES;
				GCC_WARN_ABOUT_RETURN_TYPE = YES_ERROR;
				GCC_WARN_UNDECLARED_SELECTOR = YES;
				GCC_WARN_UNINITIALIZED_AUTOS = YES_AGGRESSIVE;
				GCC_WARN_UNUSED_FUNCTION = YES;
				GCC_WARN_UNUSED_VARIABLE = YES;
				LOCALIZATION_PREFERS_STRING_CATALOGS = YES;
				MTL_ENABLE_DEBUG_INFO = NO;
				MTL_FAST_MATH = YES;
				ONLY_ACTIVE_ARCH = YES;
				SUPPORTED_PLATFORMS = driverkit;
				SWIFT_COMPILATION_MODE = wholemodule;
			};
			name = Release;
		};
		E59EF70E2C8071EA000E5930 /* Debug */ = {
			isa = XCBuildConfiguration;
			buildSettings = {
				ASSETCATALOG_COMPILER_APPICON_NAME = AppIcon;
				ASSETCATALOG_COMPILER_GLOBAL_ACCENT_COLOR_NAME = AccentColor;
				CODE_SIGN_ENTITLEMENTS = fframes_demo/fframes_demo.entitlements;
				CODE_SIGN_IDENTITY = "Apple Development";
				CODE_SIGN_STYLE = Automatic;
				CURRENT_PROJECT_VERSION = 1;
				DEVELOPMENT_ASSET_PATHS = "\"fframes_demo/Preview Content\"";
				DEVELOPMENT_TEAM = 7436XBTTTG;
				ENABLE_PREVIEWS = YES;
				EXCLUDED_ARCHS = "";
				"EXCLUDED_ARCHS[sdk=iphonesimulator*]" = x86_64;
				GENERATE_INFOPLIST_FILE = YES;
				"INFOPLIST_KEY_UIApplicationSceneManifest_Generation[sdk=iphoneos*]" = YES;
				"INFOPLIST_KEY_UIApplicationSceneManifest_Generation[sdk=iphonesimulator*]" = YES;
				"INFOPLIST_KEY_UIApplicationSupportsIndirectInputEvents[sdk=iphoneos*]" = YES;
				"INFOPLIST_KEY_UIApplicationSupportsIndirectInputEvents[sdk=iphonesimulator*]" = YES;
				"INFOPLIST_KEY_UILaunchScreen_Generation[sdk=iphoneos*]" = YES;
				"INFOPLIST_KEY_UILaunchScreen_Generation[sdk=iphonesimulator*]" = YES;
				"INFOPLIST_KEY_UIStatusBarStyle[sdk=iphoneos*]" = UIStatusBarStyleDefault;
				"INFOPLIST_KEY_UIStatusBarStyle[sdk=iphonesimulator*]" = UIStatusBarStyleDefault;
				INFOPLIST_KEY_UISupportedInterfaceOrientations_iPad = "UIInterfaceOrientationPortrait UIInterfaceOrientationPortraitUpsideDown UIInterfaceOrientationLandscapeLeft UIInterfaceOrientationLandscapeRight";
				INFOPLIST_KEY_UISupportedInterfaceOrientations_iPhone = "UIInterfaceOrientationPortrait UIInterfaceOrientationLandscapeLeft UIInterfaceOrientationLandscapeRight";
				IPHONEOS_DEPLOYMENT_TARGET = 18.4.1;
				LD_RUNPATH_SEARCH_PATHS = "@executable_path/Frameworks";
				"LD_RUNPATH_SEARCH_PATHS[sdk=macosx*]" = "@executable_path/../Frameworks";
				LIBRARY_SEARCH_PATHS = "$(PROJECT_DIR)/video/target/aarch64-apple-ios/debug";
				MACOSX_DEPLOYMENT_TARGET = 14.5;
				MARKETING_VERSION = 1.0;
				PRODUCT_BUNDLE_IDENTIFIER = "goose.fframes-demo";
				PRODUCT_NAME = "$(TARGET_NAME)";
				PROVISIONING_PROFILE_SPECIFIER = "";
				SDKROOT = auto;
				SUPPORTED_PLATFORMS = "iphoneos iphonesimulator";
				SUPPORTS_MACCATALYST = NO;
				SWIFT_EMIT_LOC_STRINGS = YES;
				SWIFT_OBJC_BRIDGING_HEADER = "$(PROJECT_DIR)/BridgingHeader.h";
				SWIFT_VERSION = 5.0;
				TARGETED_DEVICE_FAMILY = 1;
			};
			name = Debug;
		};
		E59EF70F2C8071EA000E5930 /* Release */ = {
			isa = XCBuildConfiguration;
			buildSettings = {
				ASSETCATALOG_COMPILER_APPICON_NAME = AppIcon;
				ASSETCATALOG_COMPILER_GLOBAL_ACCENT_COLOR_NAME = AccentColor;
				CODE_SIGN_ENTITLEMENTS = fframes_demo/fframes_demo.entitlements;
				CODE_SIGN_IDENTITY = "Apple Development";
				CODE_SIGN_STYLE = Automatic;
				CURRENT_PROJECT_VERSION = 1;
				DEVELOPMENT_ASSET_PATHS = "\"fframes_demo/Preview Content\"";
				DEVELOPMENT_TEAM = 7436XBTTTG;
				ENABLE_PREVIEWS = YES;
				EXCLUDED_ARCHS = x86_64;
				"EXCLUDED_ARCHS[sdk=*]" = x86_64;
				GENERATE_INFOPLIST_FILE = YES;
				"INFOPLIST_KEY_UIApplicationSceneManifest_Generation[sdk=iphoneos*]" = YES;
				"INFOPLIST_KEY_UIApplicationSceneManifest_Generation[sdk=iphonesimulator*]" = YES;
				"INFOPLIST_KEY_UIApplicationSupportsIndirectInputEvents[sdk=iphoneos*]" = YES;
				"INFOPLIST_KEY_UIApplicationSupportsIndirectInputEvents[sdk=iphonesimulator*]" = YES;
				"INFOPLIST_KEY_UILaunchScreen_Generation[sdk=iphoneos*]" = YES;
				"INFOPLIST_KEY_UILaunchScreen_Generation[sdk=iphonesimulator*]" = YES;
				"INFOPLIST_KEY_UIStatusBarStyle[sdk=iphoneos*]" = UIStatusBarStyleDefault;
				"INFOPLIST_KEY_UIStatusBarStyle[sdk=iphonesimulator*]" = UIStatusBarStyleDefault;
				INFOPLIST_KEY_UISupportedInterfaceOrientations_iPad = "UIInterfaceOrientationPortrait UIInterfaceOrientationPortraitUpsideDown UIInterfaceOrientationLandscapeLeft UIInterfaceOrientationLandscapeRight";
				INFOPLIST_KEY_UISupportedInterfaceOrientations_iPhone = "UIInterfaceOrientationPortrait UIInterfaceOrientationLandscapeLeft UIInterfaceOrientationLandscapeRight";
				IPHONEOS_DEPLOYMENT_TARGET = 18.4.1;
				LD_RUNPATH_SEARCH_PATHS = "@executable_path/Frameworks";
				"LD_RUNPATH_SEARCH_PATHS[sdk=macosx*]" = "@executable_path/../Frameworks";
				LIBRARY_SEARCH_PATHS = "$(PROJECT_DIR)/video/target/aarch64-apple-ios/debug";
				MACOSX_DEPLOYMENT_TARGET = 14.5;
				MARKETING_VERSION = 1.0;
				PRODUCT_BUNDLE_IDENTIFIER = "goose.fframes-demo";
				PRODUCT_NAME = "$(TARGET_NAME)";
				PROVISIONING_PROFILE_SPECIFIER = "";
				SDKROOT = auto;
				SUPPORTED_PLATFORMS = "iphoneos iphonesimulator";
				SUPPORTS_MACCATALYST = NO;
				SWIFT_EMIT_LOC_STRINGS = YES;
				SWIFT_OBJC_BRIDGING_HEADER = "$(PROJECT_DIR)/BridgingHeader.h";
				SWIFT_VERSION = 5.0;
				TARGETED_DEVICE_FAMILY = 1;
			};
			name = Release;
		};
		E59EF7112C8071EA000E5930 /* Debug */ = {
			isa = XCBuildConfiguration;
			buildSettings = {
				ALWAYS_EMBED_SWIFT_STANDARD_LIBRARIES = YES;
				BUNDLE_LOADER = "$(TEST_HOST)";
				CODE_SIGN_STYLE = Automatic;
				CURRENT_PROJECT_VERSION = 1;
				GENERATE_INFOPLIST_FILE = YES;
				IPHONEOS_DEPLOYMENT_TARGET = 17.5;
				MACOSX_DEPLOYMENT_TARGET = 14.5;
				MARKETING_VERSION = 1.0;
				PRODUCT_BUNDLE_IDENTIFIER = "goose.fframes-demoTests";
				PRODUCT_NAME = "$(TARGET_NAME)";
				SDKROOT = auto;
				SUPPORTED_PLATFORMS = "iphoneos iphonesimulator macosx";
				SWIFT_EMIT_LOC_STRINGS = NO;
				SWIFT_VERSION = 5.0;
				TARGETED_DEVICE_FAMILY = "1,2";
				TEST_HOST = "$(BUILT_PRODUCTS_DIR)/fframes_demo.app/$(BUNDLE_EXECUTABLE_FOLDER_PATH)/fframes_demo";
			};
			name = Debug;
		};
		E59EF7122C8071EA000E5930 /* Release */ = {
			isa = XCBuildConfiguration;
			buildSettings = {
				ALWAYS_EMBED_SWIFT_STANDARD_LIBRARIES = YES;
				BUNDLE_LOADER = "$(TEST_HOST)";
				CODE_SIGN_STYLE = Automatic;
				CURRENT_PROJECT_VERSION = 1;
				GENERATE_INFOPLIST_FILE = YES;
				IPHONEOS_DEPLOYMENT_TARGET = 17.5;
				MACOSX_DEPLOYMENT_TARGET = 14.5;
				MARKETING_VERSION = 1.0;
				PRODUCT_BUNDLE_IDENTIFIER = "goose.fframes-demoTests";
				PRODUCT_NAME = "$(TARGET_NAME)";
				SDKROOT = auto;
				SUPPORTED_PLATFORMS = "iphoneos iphonesimulator macosx";
				SWIFT_EMIT_LOC_STRINGS = NO;
				SWIFT_VERSION = 5.0;
				TARGETED_DEVICE_FAMILY = "1,2";
				TEST_HOST = "$(BUILT_PRODUCTS_DIR)/fframes_demo.app/$(BUNDLE_EXECUTABLE_FOLDER_PATH)/fframes_demo";
			};
			name = Release;
		};
		E59EF7142C8071EA000E5930 /* Debug */ = {
			isa = XCBuildConfiguration;
			buildSettings = {
				ALWAYS_EMBED_SWIFT_STANDARD_LIBRARIES = YES;
				CODE_SIGN_STYLE = Automatic;
				CURRENT_PROJECT_VERSION = 1;
				GENERATE_INFOPLIST_FILE = YES;
				IPHONEOS_DEPLOYMENT_TARGET = 17.5;
				MACOSX_DEPLOYMENT_TARGET = 14.5;
				MARKETING_VERSION = 1.0;
				PRODUCT_BUNDLE_IDENTIFIER = "goose.fframes-demoUITests";
				PRODUCT_NAME = "$(TARGET_NAME)";
				SDKROOT = auto;
				SUPPORTED_PLATFORMS = "iphoneos iphonesimulator macosx";
				SWIFT_EMIT_LOC_STRINGS = NO;
				SWIFT_VERSION = 5.0;
				TARGETED_DEVICE_FAMILY = "1,2";
				TEST_TARGET_NAME = fframes_demo;
			};
			name = Debug;
		};
		E59EF7152C8071EA000E5930 /* Release */ = {
			isa = XCBuildConfiguration;
			buildSettings = {
				ALWAYS_EMBED_SWIFT_STANDARD_LIBRARIES = YES;
				CODE_SIGN_STYLE = Automatic;
				CURRENT_PROJECT_VERSION = 1;
				GENERATE_INFOPLIST_FILE = YES;
				IPHONEOS_DEPLOYMENT_TARGET = 17.5;
				MACOSX_DEPLOYMENT_TARGET = 14.5;
				MARKETING_VERSION = 1.0;
				PRODUCT_BUNDLE_IDENTIFIER = "goose.fframes-demoUITests";
				PRODUCT_NAME = "$(TARGET_NAME)";
				SDKROOT = auto;
				SUPPORTED_PLATFORMS = "iphoneos iphonesimulator macosx";
				SWIFT_EMIT_LOC_STRINGS = NO;
				SWIFT_VERSION = 5.0;
				TARGETED_DEVICE_FAMILY = "1,2";
				TEST_TARGET_NAME = fframes_demo;
			};
			name = Release;
		};
/* End XCBuildConfiguration section */

/* Begin XCConfigurationList section */
		E59EF6E32C8071E9000E5930 /* Build configuration list for PBXProject "fframes_demo" */ = {
			isa = XCConfigurationList;
			buildConfigurations = (
				E59EF70B2C8071EA000E5930 /* Debug */,
				E59EF70C2C8071EA000E5930 /* Release */,
			);
			defaultConfigurationIsVisible = 0;
			defaultConfigurationName = Release;
		};
		E59EF70D2C8071EA000E5930 /* Build configuration list for PBXNativeTarget "fframes_demo" */ = {
			isa = XCConfigurationList;
			buildConfigurations = (
				E59EF70E2C8071EA000E5930 /* Debug */,
				E59EF70F2C8071EA000E5930 /* Release */,
			);
			defaultConfigurationIsVisible = 0;
			defaultConfigurationName = Release;
		};
		E59EF7102C8071EA000E5930 /* Build configuration list for PBXNativeTarget "fframes_demoTests" */ = {
			isa = XCConfigurationList;
			buildConfigurations = (
				E59EF7112C8071EA000E5930 /* Debug */,
				E59EF7122C8071EA000E5930 /* Release */,
			);
			defaultConfigurationIsVisible = 0;
			defaultConfigurationName = Release;
		};
		E59EF7132C8071EA000E5930 /* Build configuration list for PBXNativeTarget "fframes_demoUITests" */ = {
			isa = XCConfigurationList;
			buildConfigurations = (
				E59EF7142C8071EA000E5930 /* Debug */,
				E59EF7152C8071EA000E5930 /* Release */,
			);
			defaultConfigurationIsVisible = 0;
			defaultConfigurationName = Release;
		};
/* End XCConfigurationList section */
	};
	rootObject = E59EF6E02C8071E9000E5930 /* Project object */;
}
